
Microsoft Visual Studio Solution File, Format Version 12.00
# Visual Studio Version 16
VisualStudioVersion = 16.0.32106.194
MinimumVisualStudioVersion = 10.0.40219.1
Project("{9A19103F-16F7-4668-BE54-9A1E7A4F7556}") = "Recursive_Fibonacci", "Recurive_Fibonacci\Recursive_Fibonacci.csproj", "{71425329-1A31-4C64-993E-78EE510DE5D4}"
EndProject
Global
	GlobalSection(SolutionConfigurationPlatforms) = preSolution
		Debug|Any CPU = Debug|Any CPU
		Release|Any CPU = Release|Any CPU
	EndGlobalSection
	GlobalSection(ProjectConfigurationPlatforms) = postSolution
		{71425329-1A31-4C64-993E-78EE510DE5D4}.Debug|Any CPU.ActiveCfg = Debug|Any CPU
		{71425329-1A31-4C64-993E-78EE510DE5D4}.Debug|Any CPU.Build.0 = Debug|Any CPU
		{71425329-1A31-4C64-993E-78EE510DE5D4}.Release|Any CPU.ActiveCfg = Release|Any CPU
		{71425329-1A31-4C64-993E-78EE510DE5D4}.Release|Any CPU.Build.0 = Release|Any CPU
	EndGlobalSection
	GlobalSection(SolutionProperties) = preSolution
		HideSolutionNode = FALSE
	EndGlobalSection
	GlobalSection(ExtensibilityGlobals) = postSolution
		SolutionGuid = {22AB11EF-6314-4213-A9EA-4078DC0D8B75}
	EndGlobalSection
EndGlobal
